
Microsoft Visual Studio Solution File, Format Version 12.00
# Visual Studio 15
VisualStudioVersion = 15.0.28307.421
MinimumVisualStudioVersion = 10.0.40219.1
Project("{8BC9CEB8-8B4A-11D0-8D11-00A0C91BC942}") = "FreestyleTrainingPlugin", "FreestyleTrainingPlugin\FreestyleTrainingPlugin.vcxproj", "{95ED5DCA-00AE-4F80-AEF1-03D38E408554}"
EndProject
Global
	GlobalSection(SolutionConfigurationPlatforms) = preSolution
		Debug|x64 = Debug|x64
		Debug|x86 = Debug|x86
		Release|x64 = Release|x64
		Release|x86 = Release|x86
	EndGlobalSection
	GlobalSection(ProjectConfigurationPlatforms) = postSolution
		{95ED5DCA-00AE-4F80-AEF1-03D38E408554}.Debug|x64.ActiveCfg = Debug|x64
		{95ED5DCA-00AE-4F80-AEF1-03D38E408554}.Debug|x64.Build.0 = Debug|x64
		{95ED5DCA-00AE-4F80-AEF1-03D38E408554}.Debug|x86.ActiveCfg = Debug|Win32
		{95ED5DCA-00AE-4F80-AEF1-03D38E408554}.Debug|x86.Build.0 = Debug|Win32
		{95ED5DCA-00AE-4F80-AEF1-03D38E408554}.Release|x64.ActiveCfg = Release|x64
		{95ED5DCA-00AE-4F80-AEF1-03D38E408554}.Release|x64.Build.0 = Release|x64
		{95ED5DCA-00AE-4F80-AEF1-03D38E408554}.Release|x86.ActiveCfg = Release|Win32
		{95ED5DCA-00AE-4F80-AEF1-03D38E408554}.Release|x86.Build.0 = Release|Win32
	EndGlobalSection
	GlobalSection(SolutionProperties) = preSolution
		HideSolutionNode = FALSE
	EndGlobalSection
	GlobalSection(ExtensibilityGlobals) = postSolution
		SolutionGuid = {F315122B-D7D8-4D2E-A79A-5770D055D399}
	EndGlobalSection
EndGlobal
